
Microsoft Visual Studio Solution File, Format Version 12.00
# Visual Studio Version 16
VisualStudioVersion = 16.0.29409.12
MinimumVisualStudioVersion = 10.0.40219.1
Project("{2150E333-8FDC-42A3-9474-1A3956D46DE8}") = "General", "General", "{D19BB27C-8A98-4E84-BE34-E2049F84FD6A}"
EndProject
Project("{FAE04EC0-301F-11D3-BF4B-00C04F79EFBC}") = "GettingStarted", "General\GettingStarted\GettingStarted.csproj", "{A83416FB-DC5C-4434-A420-E30423BC1971}"
EndProject
Global
	GlobalSection(SolutionConfigurationPlatforms) = preSolution
		Debug|Any CPU = Debug|Any CPU
		Release|Any CPU = Release|Any CPU
	EndGlobalSection
	GlobalSection(ProjectConfigurationPlatforms) = postSolution
		{A83416FB-DC5C-4434-A420-E30423BC1971}.Debug|Any CPU.ActiveCfg = Debug|Any CPU
		{A83416FB-DC5C-4434-A420-E30423BC1971}.Debug|Any CPU.Build.0 = Debug|Any CPU
		{A83416FB-DC5C-4434-A420-E30423BC1971}.Release|Any CPU.ActiveCfg = Release|Any CPU
		{A83416FB-DC5C-4434-A420-E30423BC1971}.Release|Any CPU.Build.0 = Release|Any CPU
	EndGlobalSection
	GlobalSection(SolutionProperties) = preSolution
		HideSolutionNode = FALSE
	EndGlobalSection
	GlobalSection(NestedProjects) = preSolution
		{A83416FB-DC5C-4434-A420-E30423BC1971} = {D19BB27C-8A98-4E84-BE34-E2049F84FD6A}
	EndGlobalSection
	GlobalSection(ExtensibilityGlobals) = postSolution
		SolutionGuid = {569430A0-5A40-4242-BA1C-BE50588A0182}
	EndGlobalSection
EndGlobal
